
Microsoft Visual Studio Solution File, Format Version 12.00
# Visual Studio Version 17
VisualStudioVersion = 17.8.34316.72
MinimumVisualStudioVersion = 10.0.40219.1
Project("{9A19103F-16F7-4668-BE54-9A1E7A4F7556}") = "TaqqosOnlineBazarWebAPI", "TaqqosOnlineBazarWenAPI\TaqqosOnlineBazarWebAPI.csproj", "{ECF47191-81F8-4639-88BF-0484ECD490A6}"
EndProject
Project("{9A19103F-16F7-4668-BE54-9A1E7A4F7556}") = "Taqqos.Domain", "Taqqos.Domain\Taqqos.Domain.csproj", "{F3996CE2-3DB2-4297-928D-A0BC494CFB04}"
EndProject
Project("{FAE04EC0-301F-11D3-BF4B-00C04F79EFBC}") = "Taqqos.DataAcces", "Taqqos.DataAcces\Taqqos.DataAcces.csproj", "{58A51289-5EAC-4F21-9145-39C2B995E79B}"
EndProject
Global
	GlobalSection(SolutionConfigurationPlatforms) = preSolution
		Debug|Any CPU = Debug|Any CPU
		Release|Any CPU = Release|Any CPU
	EndGlobalSection
	GlobalSection(ProjectConfigurationPlatforms) = postSolution
		{ECF47191-81F8-4639-88BF-0484ECD490A6}.Debug|Any CPU.ActiveCfg = Debug|Any CPU
		{ECF47191-81F8-4639-88BF-0484ECD490A6}.Debug|Any CPU.Build.0 = Debug|Any CPU
		{ECF47191-81F8-4639-88BF-0484ECD490A6}.Release|Any CPU.ActiveCfg = Release|Any CPU
		{ECF47191-81F8-4639-88BF-0484ECD490A6}.Release|Any CPU.Build.0 = Release|Any CPU
		{F3996CE2-3DB2-4297-928D-A0BC494CFB04}.Debug|Any CPU.ActiveCfg = Debug|Any CPU
		{F3996CE2-3DB2-4297-928D-A0BC494CFB04}.Debug|Any CPU.Build.0 = Debug|Any CPU
		{F3996CE2-3DB2-4297-928D-A0BC494CFB04}.Release|Any CPU.ActiveCfg = Release|Any CPU
		{F3996CE2-3DB2-4297-928D-A0BC494CFB04}.Release|Any CPU.Build.0 = Release|Any CPU
		{58A51289-5EAC-4F21-9145-39C2B995E79B}.Debug|Any CPU.ActiveCfg = Debug|Any CPU
		{58A51289-5EAC-4F21-9145-39C2B995E79B}.Debug|Any CPU.Build.0 = Debug|Any CPU
		{58A51289-5EAC-4F21-9145-39C2B995E79B}.Release|Any CPU.ActiveCfg = Release|Any CPU
		{58A51289-5EAC-4F21-9145-39C2B995E79B}.Release|Any CPU.Build.0 = Release|Any CPU
	EndGlobalSection
	GlobalSection(SolutionProperties) = preSolution
		HideSolutionNode = FALSE
	EndGlobalSection
	GlobalSection(ExtensibilityGlobals) = postSolution
		SolutionGuid = {CE521D6F-DC94-4BDE-A1A3-97B7BBF0F93E}
	EndGlobalSection
EndGlobal
